
Microsoft Visual Studio Solution File, Format Version 12.00
# Visual Studio Version 16
VisualStudioVersion = 16.0.30804.86
MinimumVisualStudioVersion = 10.0.40219.1
Project("{9A19103F-16F7-4668-BE54-9A1E7A4F7556}") = "CoreActivities", "CoreActivities\CoreActivities.csproj", "{27A7ED86-9718-45B6-871B-D0F63FCAF952}"
EndProject
Project("{9A19103F-16F7-4668-BE54-9A1E7A4F7556}") = "TestCoreWF", "TestCoreWF\TestCoreWF.csproj", "{225E44F1-96E1-4B7E-9DC2-A4819E8721A7}"
EndProject
Global
	GlobalSection(SolutionConfigurationPlatforms) = preSolution
		Debug|Any CPU = Debug|Any CPU
		Release|Any CPU = Release|Any CPU
	EndGlobalSection
	GlobalSection(ProjectConfigurationPlatforms) = postSolution
		{27A7ED86-9718-45B6-871B-D0F63FCAF952}.Debug|Any CPU.ActiveCfg = Debug|Any CPU
		{27A7ED86-9718-45B6-871B-D0F63FCAF952}.Debug|Any CPU.Build.0 = Debug|Any CPU
		{27A7ED86-9718-45B6-871B-D0F63FCAF952}.Release|Any CPU.ActiveCfg = Release|Any CPU
		{27A7ED86-9718-45B6-871B-D0F63FCAF952}.Release|Any CPU.Build.0 = Release|Any CPU
		{225E44F1-96E1-4B7E-9DC2-A4819E8721A7}.Debug|Any CPU.ActiveCfg = Debug|Any CPU
		{225E44F1-96E1-4B7E-9DC2-A4819E8721A7}.Debug|Any CPU.Build.0 = Debug|Any CPU
		{225E44F1-96E1-4B7E-9DC2-A4819E8721A7}.Release|Any CPU.ActiveCfg = Release|Any CPU
		{225E44F1-96E1-4B7E-9DC2-A4819E8721A7}.Release|Any CPU.Build.0 = Release|Any CPU
	EndGlobalSection
	GlobalSection(SolutionProperties) = preSolution
		HideSolutionNode = FALSE
	EndGlobalSection
	GlobalSection(ExtensibilityGlobals) = postSolution
		SolutionGuid = {5D3444B4-3898-4FEA-92F7-EDA350B09E5F}
	EndGlobalSection
EndGlobal
